
Microsoft Visual Studio Solution File, Format Version 12.00
# Visual Studio Version 17
VisualStudioVersion = 17.8.34511.84
MinimumVisualStudioVersion = 10.0.40219.1
Project("{9A19103F-16F7-4668-BE54-9A1E7A4F7556}") = "Stories.API", "Stories.API\Stories.API.csproj", "{98605077-3BA5-4094-AB1B-40F3DFD72CC3}"
EndProject
Project("{FAE04EC0-301F-11D3-BF4B-00C04F79EFBC}") = "Stories.Infrastructure", "Stories.Infrastructure\Stories.Infrastructure.csproj", "{3ABFDF5D-DCF1-4E9B-BF74-F045D475D47A}"
EndProject
Project("{FAE04EC0-301F-11D3-BF4B-00C04F79EFBC}") = "Stories.Services", "Stories.Services\Stories.Services.csproj", "{17419173-009F-46DC-9DE7-CF6EBDC79288}"
EndProject
Global
	GlobalSection(SolutionConfigurationPlatforms) = preSolution
		Debug|Any CPU = Debug|Any CPU
		Release|Any CPU = Release|Any CPU
	EndGlobalSection
	GlobalSection(ProjectConfigurationPlatforms) = postSolution
		{98605077-3BA5-4094-AB1B-40F3DFD72CC3}.Debug|Any CPU.ActiveCfg = Debug|Any CPU
		{98605077-3BA5-4094-AB1B-40F3DFD72CC3}.Debug|Any CPU.Build.0 = Debug|Any CPU
		{98605077-3BA5-4094-AB1B-40F3DFD72CC3}.Release|Any CPU.ActiveCfg = Release|Any CPU
		{98605077-3BA5-4094-AB1B-40F3DFD72CC3}.Release|Any CPU.Build.0 = Release|Any CPU
		{3ABFDF5D-DCF1-4E9B-BF74-F045D475D47A}.Debug|Any CPU.ActiveCfg = Debug|Any CPU
		{3ABFDF5D-DCF1-4E9B-BF74-F045D475D47A}.Debug|Any CPU.Build.0 = Debug|Any CPU
		{3ABFDF5D-DCF1-4E9B-BF74-F045D475D47A}.Release|Any CPU.ActiveCfg = Release|Any CPU
		{3ABFDF5D-DCF1-4E9B-BF74-F045D475D47A}.Release|Any CPU.Build.0 = Release|Any CPU
		{17419173-009F-46DC-9DE7-CF6EBDC79288}.Debug|Any CPU.ActiveCfg = Debug|Any CPU
		{17419173-009F-46DC-9DE7-CF6EBDC79288}.Debug|Any CPU.Build.0 = Debug|Any CPU
		{17419173-009F-46DC-9DE7-CF6EBDC79288}.Release|Any CPU.ActiveCfg = Release|Any CPU
		{17419173-009F-46DC-9DE7-CF6EBDC79288}.Release|Any CPU.Build.0 = Release|Any CPU
	EndGlobalSection
	GlobalSection(SolutionProperties) = preSolution
		HideSolutionNode = FALSE
	EndGlobalSection
	GlobalSection(ExtensibilityGlobals) = postSolution
		SolutionGuid = {182F0BA4-5B78-408D-A3BB-6115D0D65C1D}
	EndGlobalSection
EndGlobal
